
Microsoft Visual Studio Solution File, Format Version 12.00
# Visual Studio Version 17
VisualStudioVersion = 17.7.34221.43
MinimumVisualStudioVersion = 10.0.40219.1
Project("{FAE04EC0-301F-11D3-BF4B-00C04F79EFBC}") = "eShop.Web", "eShop.Web\eShop.Web.csproj", "{1DCA4773-000B-42BB-BD0E-E198F1831FD4}"
EndProject
Global
	GlobalSection(SolutionConfigurationPlatforms) = preSolution
		Debug|Any CPU = Debug|Any CPU
		Release|Any CPU = Release|Any CPU
	EndGlobalSection
	GlobalSection(ProjectConfigurationPlatforms) = postSolution
		{1DCA4773-000B-42BB-BD0E-E198F1831FD4}.Debug|Any CPU.ActiveCfg = Debug|Any CPU
		{1DCA4773-000B-42BB-BD0E-E198F1831FD4}.Debug|Any CPU.Build.0 = Debug|Any CPU
		{1DCA4773-000B-42BB-BD0E-E198F1831FD4}.Release|Any CPU.ActiveCfg = Release|Any CPU
		{1DCA4773-000B-42BB-BD0E-E198F1831FD4}.Release|Any CPU.Build.0 = Release|Any CPU
	EndGlobalSection
	GlobalSection(SolutionProperties) = preSolution
		HideSolutionNode = FALSE
	EndGlobalSection
	GlobalSection(ExtensibilityGlobals) = postSolution
		SolutionGuid = {5B3FB250-AB9F-4F24-A9F6-0536093FC0E2}
	EndGlobalSection
EndGlobal
